
Microsoft Visual Studio Solution File, Format Version 12.00
# Visual Studio Version 16
VisualStudioVersion = 16.0.28803.452
MinimumVisualStudioVersion = 10.0.40219.1
Project("{8BC9CEB8-8B4A-11D0-8D11-00A0C91BC942}") = "infDev_Neuron_prototype", "infDev_Neuron_prototype.vcxproj", "{310B7B4C-77B7-40E6-AD0D-B420B154D41D}"
EndProject
Global
	GlobalSection(SolutionConfigurationPlatforms) = preSolution
		Debug|x64 = Debug|x64
		Debug|x86 = Debug|x86
		Release|x64 = Release|x64
		Release|x86 = Release|x86
	EndGlobalSection
	GlobalSection(ProjectConfigurationPlatforms) = postSolution
		{310B7B4C-77B7-40E6-AD0D-B420B154D41D}.Debug|x64.ActiveCfg = Debug|x64
		{310B7B4C-77B7-40E6-AD0D-B420B154D41D}.Debug|x64.Build.0 = Debug|x64
		{310B7B4C-77B7-40E6-AD0D-B420B154D41D}.Debug|x86.ActiveCfg = Debug|Win32
		{310B7B4C-77B7-40E6-AD0D-B420B154D41D}.Debug|x86.Build.0 = Debug|Win32
		{310B7B4C-77B7-40E6-AD0D-B420B154D41D}.Release|x64.ActiveCfg = Release|x64
		{310B7B4C-77B7-40E6-AD0D-B420B154D41D}.Release|x64.Build.0 = Release|x64
		{310B7B4C-77B7-40E6-AD0D-B420B154D41D}.Release|x86.ActiveCfg = Release|Win32
		{310B7B4C-77B7-40E6-AD0D-B420B154D41D}.Release|x86.Build.0 = Release|Win32
	EndGlobalSection
	GlobalSection(SolutionProperties) = preSolution
		HideSolutionNode = FALSE
	EndGlobalSection
	GlobalSection(ExtensibilityGlobals) = postSolution
		SolutionGuid = {A0D03784-0A32-4F4F-BFB3-1A9A335926D2}
	EndGlobalSection
EndGlobal
